
Microsoft Visual Studio Solution File, Format Version 12.00
# Visual Studio 15
VisualStudioVersion = 15.0.28307.902
MinimumVisualStudioVersion = 10.0.40219.1
Project("{9A19103F-16F7-4668-BE54-9A1E7A4F7556}") = "WeatherApp.API", "WeatherApp\WeatherApp.API.csproj", "{87AC8650-E777-45AA-B422-B52A8A2C2BD1}"
EndProject
Project("{E24C65DC-7377-472B-9ABA-BC803B73C61A}") = "WeatherApp-SPA", "WeatherApp-SPA\", "{085D738C-DBF4-478D-85C2-A9BCEC6DF6AB}"
	ProjectSection(WebsiteProperties) = preProject
		TargetFrameworkMoniker = ".NETFramework,Version%3Dv4.0"
		Debug.AspNetCompiler.VirtualPath = "/localhost_64462"
		Debug.AspNetCompiler.PhysicalPath = "WeatherApp-SPA\"
		Debug.AspNetCompiler.TargetPath = "PrecompiledWeb\localhost_64462\"
		Debug.AspNetCompiler.Updateable = "true"
		Debug.AspNetCompiler.ForceOverwrite = "true"
		Debug.AspNetCompiler.FixedNames = "false"
		Debug.AspNetCompiler.Debug = "True"
		Release.AspNetCompiler.VirtualPath = "/localhost_64462"
		Release.AspNetCompiler.PhysicalPath = "WeatherApp-SPA\"
		Release.AspNetCompiler.TargetPath = "PrecompiledWeb\localhost_64462\"
		Release.AspNetCompiler.Updateable = "true"
		Release.AspNetCompiler.ForceOverwrite = "true"
		Release.AspNetCompiler.FixedNames = "false"
		Release.AspNetCompiler.Debug = "False"
		VWDPort = "64462"
		SlnRelativePath = "WeatherApp-SPA\"
	EndProjectSection
EndProject
Global
	GlobalSection(SolutionConfigurationPlatforms) = preSolution
		Debug|Any CPU = Debug|Any CPU
		Release|Any CPU = Release|Any CPU
	EndGlobalSection
	GlobalSection(ProjectConfigurationPlatforms) = postSolution
		{87AC8650-E777-45AA-B422-B52A8A2C2BD1}.Debug|Any CPU.ActiveCfg = Debug|Any CPU
		{87AC8650-E777-45AA-B422-B52A8A2C2BD1}.Debug|Any CPU.Build.0 = Debug|Any CPU
		{87AC8650-E777-45AA-B422-B52A8A2C2BD1}.Release|Any CPU.ActiveCfg = Release|Any CPU
		{87AC8650-E777-45AA-B422-B52A8A2C2BD1}.Release|Any CPU.Build.0 = Release|Any CPU
		{085D738C-DBF4-478D-85C2-A9BCEC6DF6AB}.Debug|Any CPU.ActiveCfg = Debug|Any CPU
		{085D738C-DBF4-478D-85C2-A9BCEC6DF6AB}.Debug|Any CPU.Build.0 = Debug|Any CPU
		{085D738C-DBF4-478D-85C2-A9BCEC6DF6AB}.Release|Any CPU.ActiveCfg = Debug|Any CPU
		{085D738C-DBF4-478D-85C2-A9BCEC6DF6AB}.Release|Any CPU.Build.0 = Debug|Any CPU
	EndGlobalSection
	GlobalSection(SolutionProperties) = preSolution
		HideSolutionNode = FALSE
	EndGlobalSection
	GlobalSection(ExtensibilityGlobals) = postSolution
		SolutionGuid = {62E72551-A8EB-4A96-84C7-FAF5FCAE48C2}
	EndGlobalSection
EndGlobal
